
Microsoft Visual Studio Solution File, Format Version 12.00
# Visual Studio Version 16
VisualStudioVersion = 16.0.29728.190
MinimumVisualStudioVersion = 10.0.40219.1
Project("{FAE04EC0-301F-11D3-BF4B-00C04F79EFBC}") = "EqualSum", "EqualSum\EqualSum.csproj", "{DA15F794-42A7-4FDA-9571-EEE8F79DC385}"
EndProject
Global
	GlobalSection(SolutionConfigurationPlatforms) = preSolution
		Debug|Any CPU = Debug|Any CPU
		Release|Any CPU = Release|Any CPU
	EndGlobalSection
	GlobalSection(ProjectConfigurationPlatforms) = postSolution
		{DA15F794-42A7-4FDA-9571-EEE8F79DC385}.Debug|Any CPU.ActiveCfg = Debug|Any CPU
		{DA15F794-42A7-4FDA-9571-EEE8F79DC385}.Debug|Any CPU.Build.0 = Debug|Any CPU
		{DA15F794-42A7-4FDA-9571-EEE8F79DC385}.Release|Any CPU.ActiveCfg = Release|Any CPU
		{DA15F794-42A7-4FDA-9571-EEE8F79DC385}.Release|Any CPU.Build.0 = Release|Any CPU
	EndGlobalSection
	GlobalSection(SolutionProperties) = preSolution
		HideSolutionNode = FALSE
	EndGlobalSection
	GlobalSection(ExtensibilityGlobals) = postSolution
		SolutionGuid = {932E620A-10E1-471E-9C56-E3546839F438}
	EndGlobalSection
EndGlobal
